
Microsoft Visual Studio Solution File, Format Version 12.00
# Visual Studio Version 16
VisualStudioVersion = 16.0.29709.97
MinimumVisualStudioVersion = 10.0.40219.1
Project("{9A19103F-16F7-4668-BE54-9A1E7A4F7556}") = "SimpleDeliveryWebCore", "SimpleDeliveryWebCore\SimpleDeliveryWebCore.csproj", "{A99DD131-A762-4CF3-8CDE-701D0A1A11F6}"
EndProject
Project("{9A19103F-16F7-4668-BE54-9A1E7A4F7556}") = "SimpleDelivery.DAL", "SimpleDelivery.DAL\SimpleDelivery.DAL.csproj", "{00164281-F92E-41CC-85E2-BE95FCF16B12}"
EndProject
Project("{9A19103F-16F7-4668-BE54-9A1E7A4F7556}") = "SimpleDelivery.BLL", "SmpleDelivery.BLL\SimpleDelivery.BLL.csproj", "{EB1EE87D-28D3-4374-9EE8-4DB40E4E4E95}"
EndProject
Project("{2150E333-8FDC-42A3-9474-1A3956D46DE8}") = "Shared", "Shared", "{CF4ADF9A-F5DD-40B9-8DF6-2CFE4AA7EFC9}"
EndProject
Project("{FAE04EC0-301F-11D3-BF4B-00C04F79EFBC}") = "Resources", "Resources\Resources.csproj", "{CB235BC8-144B-48BE-A8AC-541DBB9DAAFB}"
EndProject
Global
	GlobalSection(SolutionConfigurationPlatforms) = preSolution
		Debug|Any CPU = Debug|Any CPU
		Release|Any CPU = Release|Any CPU
	EndGlobalSection
	GlobalSection(ProjectConfigurationPlatforms) = postSolution
		{A99DD131-A762-4CF3-8CDE-701D0A1A11F6}.Debug|Any CPU.ActiveCfg = Debug|Any CPU
		{A99DD131-A762-4CF3-8CDE-701D0A1A11F6}.Debug|Any CPU.Build.0 = Debug|Any CPU
		{A99DD131-A762-4CF3-8CDE-701D0A1A11F6}.Release|Any CPU.ActiveCfg = Release|Any CPU
		{A99DD131-A762-4CF3-8CDE-701D0A1A11F6}.Release|Any CPU.Build.0 = Release|Any CPU
		{00164281-F92E-41CC-85E2-BE95FCF16B12}.Debug|Any CPU.ActiveCfg = Debug|Any CPU
		{00164281-F92E-41CC-85E2-BE95FCF16B12}.Debug|Any CPU.Build.0 = Debug|Any CPU
		{00164281-F92E-41CC-85E2-BE95FCF16B12}.Release|Any CPU.ActiveCfg = Release|Any CPU
		{00164281-F92E-41CC-85E2-BE95FCF16B12}.Release|Any CPU.Build.0 = Release|Any CPU
		{EB1EE87D-28D3-4374-9EE8-4DB40E4E4E95}.Debug|Any CPU.ActiveCfg = Debug|Any CPU
		{EB1EE87D-28D3-4374-9EE8-4DB40E4E4E95}.Debug|Any CPU.Build.0 = Debug|Any CPU
		{EB1EE87D-28D3-4374-9EE8-4DB40E4E4E95}.Release|Any CPU.ActiveCfg = Release|Any CPU
		{EB1EE87D-28D3-4374-9EE8-4DB40E4E4E95}.Release|Any CPU.Build.0 = Release|Any CPU
		{CB235BC8-144B-48BE-A8AC-541DBB9DAAFB}.Debug|Any CPU.ActiveCfg = Debug|Any CPU
		{CB235BC8-144B-48BE-A8AC-541DBB9DAAFB}.Debug|Any CPU.Build.0 = Debug|Any CPU
		{CB235BC8-144B-48BE-A8AC-541DBB9DAAFB}.Release|Any CPU.ActiveCfg = Release|Any CPU
		{CB235BC8-144B-48BE-A8AC-541DBB9DAAFB}.Release|Any CPU.Build.0 = Release|Any CPU
	EndGlobalSection
	GlobalSection(SolutionProperties) = preSolution
		HideSolutionNode = FALSE
	EndGlobalSection
	GlobalSection(NestedProjects) = preSolution
		{CB235BC8-144B-48BE-A8AC-541DBB9DAAFB} = {CF4ADF9A-F5DD-40B9-8DF6-2CFE4AA7EFC9}
	EndGlobalSection
	GlobalSection(ExtensibilityGlobals) = postSolution
		SolutionGuid = {74D6BBBF-A256-4CB3-AFAC-86E2909DD2FD}
	EndGlobalSection
EndGlobal
